
Microsoft Visual Studio Solution File, Format Version 12.00
# Visual Studio Version 17
VisualStudioVersion = 17.4.33110.190
MinimumVisualStudioVersion = 10.0.40219.1
Project("{9A19103F-16F7-4668-BE54-9A1E7A4F7556}") = "Restaurant.Api", "src\Restaurant.Api\Restaurant.Api.csproj", "{7CE46149-731D-41A7-B77A-2724023ABE65}"
EndProject
Project("{2150E333-8FDC-42A3-9474-1A3956D46DE8}") = "src", "src", "{CB788CB4-49ED-4E4E-89FC-4C89258B8B44}"
EndProject
Project("{2150E333-8FDC-42A3-9474-1A3956D46DE8}") = "tests", "tests", "{51A21172-052F-49F7-B0B6-C2A38505FF86}"
EndProject
Global
	GlobalSection(SolutionConfigurationPlatforms) = preSolution
		Debug|Any CPU = Debug|Any CPU
		Release|Any CPU = Release|Any CPU
	EndGlobalSection
	GlobalSection(ProjectConfigurationPlatforms) = postSolution
		{7CE46149-731D-41A7-B77A-2724023ABE65}.Debug|Any CPU.ActiveCfg = Debug|Any CPU
		{7CE46149-731D-41A7-B77A-2724023ABE65}.Debug|Any CPU.Build.0 = Debug|Any CPU
		{7CE46149-731D-41A7-B77A-2724023ABE65}.Release|Any CPU.ActiveCfg = Release|Any CPU
		{7CE46149-731D-41A7-B77A-2724023ABE65}.Release|Any CPU.Build.0 = Release|Any CPU
	EndGlobalSection
	GlobalSection(SolutionProperties) = preSolution
		HideSolutionNode = FALSE
	EndGlobalSection
	GlobalSection(NestedProjects) = preSolution
		{7CE46149-731D-41A7-B77A-2724023ABE65} = {CB788CB4-49ED-4E4E-89FC-4C89258B8B44}
	EndGlobalSection
	GlobalSection(ExtensibilityGlobals) = postSolution
		SolutionGuid = {D123026B-B39D-4596-8B60-4C3BC1C408A2}
	EndGlobalSection
EndGlobal
