
Microsoft Visual Studio Solution File, Format Version 12.00
# Visual Studio Version 17
VisualStudioVersion = 17.4.33110.190
MinimumVisualStudioVersion = 10.0.40219.1
Project("{9A19103F-16F7-4668-BE54-9A1E7A4F7556}") = "Restaurant.Api", "Backend\src\Restaurant.Api\Restaurant.Api.csproj", "{7CE46149-731D-41A7-B77A-2724023ABE65}"
EndProject
Project("{2150E333-8FDC-42A3-9474-1A3956D46DE8}") = "src", "src", "{CB788CB4-49ED-4E4E-89FC-4C89258B8B44}"
EndProject
Project("{2150E333-8FDC-42A3-9474-1A3956D46DE8}") = "tests", "tests", "{51A21172-052F-49F7-B0B6-C2A38505FF86}"
EndProject
Project("{9A19103F-16F7-4668-BE54-9A1E7A4F7556}") = "Restaurant.Core", "Backend\src\Restaurant.Core\Restaurant.Core.csproj", "{7028FB09-B216-4548-8E5E-7C5DFE3BAD98}"
EndProject
Project("{9A19103F-16F7-4668-BE54-9A1E7A4F7556}") = "Restaurant.Application", "Backend\src\Restaurant.Application\Restaurant.Application.csproj", "{B4C28CE0-F808-4886-95CC-AEC6B32ADA86}"
EndProject
Project("{9A19103F-16F7-4668-BE54-9A1E7A4F7556}") = "Restaurant.Infrastructure", "Backend\src\Restaurant.Infrastructure\Restaurant.Infrastructure.csproj", "{A146E90C-FEF6-4E1D-903A-986DB74A06DF}"
EndProject
Project("{9A19103F-16F7-4668-BE54-9A1E7A4F7556}") = "Restaurant.UnitTests", "Backend\tests\Restaurant.UnitTests\Restaurant.UnitTests.csproj", "{0996BDA4-12BC-41FB-98BE-32017AAEF07A}"
EndProject
Project("{9A19103F-16F7-4668-BE54-9A1E7A4F7556}") = "Restaurant.IntegrationTests", "Backend\tests\Restaurant.IntegrationTests\Restaurant.IntegrationTests.csproj", "{34C83B69-4B6D-449A-9FAC-24267809DD5E}"
EndProject
Project("{9A19103F-16F7-4668-BE54-9A1E7A4F7556}") = "Restaurant.Migrations", "Backend\src\Restaurant.Migrations\Restaurant.Migrations.csproj", "{D6971275-F0AB-448C-96D3-5FE8B8574E59}"
EndProject
Project("{2150E333-8FDC-42A3-9474-1A3956D46DE8}") = "Backend", "Backend", "{3433DC09-7042-4E4E-AB99-04846FDCF87B}"
EndProject
Project("{2150E333-8FDC-42A3-9474-1A3956D46DE8}") = "Shared", "Shared", "{6CA11516-B673-4B81-ACFC-A57B2228ADE9}"
EndProject
Project("{2150E333-8FDC-42A3-9474-1A3956D46DE8}") = "Frontend", "Frontend", "{59BFFBB6-0AB3-47B9-85AE-590F030B82C8}"
EndProject
Project("{9A19103F-16F7-4668-BE54-9A1E7A4F7556}") = "Restaurant.Shared", "Shared\Restaurant.Shared\Restaurant.Shared.csproj", "{B646DD6C-56F6-4ADC-8ABF-98E927436004}"
EndProject
Project("{9A19103F-16F7-4668-BE54-9A1E7A4F7556}") = "Restaurant.UI", "Frontend\src\Restaurant.UI\Restaurant.UI.csproj", "{A6305CC7-ED86-40DD-A4D2-47D055EFE4B6}"
EndProject
Project("{2150E333-8FDC-42A3-9474-1A3956D46DE8}") = "src", "src", "{1B4E0045-CD55-4411-BF66-8AD5F5CAA785}"
EndProject
Project("{2150E333-8FDC-42A3-9474-1A3956D46DE8}") = "tests", "tests", "{453C5714-7478-497D-812A-BDF371088E4B}"
EndProject
Project("{FAE04EC0-301F-11D3-BF4B-00C04F79EFBC}") = "Restaurant.UI.UnitTests", "Frontend\tests\Restaurant.UI.UnitTests\Restaurant.UI.UnitTests.csproj", "{2E60C62A-59B2-4E0C-8AF5-46664E47B65E}"
EndProject
Global
	GlobalSection(SolutionConfigurationPlatforms) = preSolution
		Debug|Any CPU = Debug|Any CPU
		Release|Any CPU = Release|Any CPU
	EndGlobalSection
	GlobalSection(ProjectConfigurationPlatforms) = postSolution
		{7CE46149-731D-41A7-B77A-2724023ABE65}.Debug|Any CPU.ActiveCfg = Debug|Any CPU
		{7CE46149-731D-41A7-B77A-2724023ABE65}.Debug|Any CPU.Build.0 = Debug|Any CPU
		{7CE46149-731D-41A7-B77A-2724023ABE65}.Release|Any CPU.ActiveCfg = Release|Any CPU
		{7CE46149-731D-41A7-B77A-2724023ABE65}.Release|Any CPU.Build.0 = Release|Any CPU
		{7028FB09-B216-4548-8E5E-7C5DFE3BAD98}.Debug|Any CPU.ActiveCfg = Debug|Any CPU
		{7028FB09-B216-4548-8E5E-7C5DFE3BAD98}.Debug|Any CPU.Build.0 = Debug|Any CPU
		{7028FB09-B216-4548-8E5E-7C5DFE3BAD98}.Release|Any CPU.ActiveCfg = Release|Any CPU
		{7028FB09-B216-4548-8E5E-7C5DFE3BAD98}.Release|Any CPU.Build.0 = Release|Any CPU
		{B4C28CE0-F808-4886-95CC-AEC6B32ADA86}.Debug|Any CPU.ActiveCfg = Debug|Any CPU
		{B4C28CE0-F808-4886-95CC-AEC6B32ADA86}.Debug|Any CPU.Build.0 = Debug|Any CPU
		{B4C28CE0-F808-4886-95CC-AEC6B32ADA86}.Release|Any CPU.ActiveCfg = Release|Any CPU
		{B4C28CE0-F808-4886-95CC-AEC6B32ADA86}.Release|Any CPU.Build.0 = Release|Any CPU
		{A146E90C-FEF6-4E1D-903A-986DB74A06DF}.Debug|Any CPU.ActiveCfg = Debug|Any CPU
		{A146E90C-FEF6-4E1D-903A-986DB74A06DF}.Debug|Any CPU.Build.0 = Debug|Any CPU
		{A146E90C-FEF6-4E1D-903A-986DB74A06DF}.Release|Any CPU.ActiveCfg = Release|Any CPU
		{A146E90C-FEF6-4E1D-903A-986DB74A06DF}.Release|Any CPU.Build.0 = Release|Any CPU
		{0996BDA4-12BC-41FB-98BE-32017AAEF07A}.Debug|Any CPU.ActiveCfg = Debug|Any CPU
		{0996BDA4-12BC-41FB-98BE-32017AAEF07A}.Debug|Any CPU.Build.0 = Debug|Any CPU
		{0996BDA4-12BC-41FB-98BE-32017AAEF07A}.Release|Any CPU.ActiveCfg = Release|Any CPU
		{0996BDA4-12BC-41FB-98BE-32017AAEF07A}.Release|Any CPU.Build.0 = Release|Any CPU
		{34C83B69-4B6D-449A-9FAC-24267809DD5E}.Debug|Any CPU.ActiveCfg = Debug|Any CPU
		{34C83B69-4B6D-449A-9FAC-24267809DD5E}.Debug|Any CPU.Build.0 = Debug|Any CPU
		{34C83B69-4B6D-449A-9FAC-24267809DD5E}.Release|Any CPU.ActiveCfg = Release|Any CPU
		{34C83B69-4B6D-449A-9FAC-24267809DD5E}.Release|Any CPU.Build.0 = Release|Any CPU
		{D6971275-F0AB-448C-96D3-5FE8B8574E59}.Debug|Any CPU.ActiveCfg = Debug|Any CPU
		{D6971275-F0AB-448C-96D3-5FE8B8574E59}.Debug|Any CPU.Build.0 = Debug|Any CPU
		{D6971275-F0AB-448C-96D3-5FE8B8574E59}.Release|Any CPU.ActiveCfg = Release|Any CPU
		{D6971275-F0AB-448C-96D3-5FE8B8574E59}.Release|Any CPU.Build.0 = Release|Any CPU
		{B646DD6C-56F6-4ADC-8ABF-98E927436004}.Debug|Any CPU.ActiveCfg = Debug|Any CPU
		{B646DD6C-56F6-4ADC-8ABF-98E927436004}.Debug|Any CPU.Build.0 = Debug|Any CPU
		{B646DD6C-56F6-4ADC-8ABF-98E927436004}.Release|Any CPU.ActiveCfg = Release|Any CPU
		{B646DD6C-56F6-4ADC-8ABF-98E927436004}.Release|Any CPU.Build.0 = Release|Any CPU
		{A6305CC7-ED86-40DD-A4D2-47D055EFE4B6}.Debug|Any CPU.ActiveCfg = Debug|Any CPU
		{A6305CC7-ED86-40DD-A4D2-47D055EFE4B6}.Debug|Any CPU.Build.0 = Debug|Any CPU
		{A6305CC7-ED86-40DD-A4D2-47D055EFE4B6}.Release|Any CPU.ActiveCfg = Release|Any CPU
		{A6305CC7-ED86-40DD-A4D2-47D055EFE4B6}.Release|Any CPU.Build.0 = Release|Any CPU
		{2E60C62A-59B2-4E0C-8AF5-46664E47B65E}.Debug|Any CPU.ActiveCfg = Debug|Any CPU
		{2E60C62A-59B2-4E0C-8AF5-46664E47B65E}.Debug|Any CPU.Build.0 = Debug|Any CPU
		{2E60C62A-59B2-4E0C-8AF5-46664E47B65E}.Release|Any CPU.ActiveCfg = Release|Any CPU
		{2E60C62A-59B2-4E0C-8AF5-46664E47B65E}.Release|Any CPU.Build.0 = Release|Any CPU
	EndGlobalSection
	GlobalSection(SolutionProperties) = preSolution
		HideSolutionNode = FALSE
	EndGlobalSection
	GlobalSection(NestedProjects) = preSolution
		{7CE46149-731D-41A7-B77A-2724023ABE65} = {CB788CB4-49ED-4E4E-89FC-4C89258B8B44}
		{CB788CB4-49ED-4E4E-89FC-4C89258B8B44} = {3433DC09-7042-4E4E-AB99-04846FDCF87B}
		{51A21172-052F-49F7-B0B6-C2A38505FF86} = {3433DC09-7042-4E4E-AB99-04846FDCF87B}
		{7028FB09-B216-4548-8E5E-7C5DFE3BAD98} = {CB788CB4-49ED-4E4E-89FC-4C89258B8B44}
		{B4C28CE0-F808-4886-95CC-AEC6B32ADA86} = {CB788CB4-49ED-4E4E-89FC-4C89258B8B44}
		{A146E90C-FEF6-4E1D-903A-986DB74A06DF} = {CB788CB4-49ED-4E4E-89FC-4C89258B8B44}
		{0996BDA4-12BC-41FB-98BE-32017AAEF07A} = {51A21172-052F-49F7-B0B6-C2A38505FF86}
		{34C83B69-4B6D-449A-9FAC-24267809DD5E} = {51A21172-052F-49F7-B0B6-C2A38505FF86}
		{D6971275-F0AB-448C-96D3-5FE8B8574E59} = {CB788CB4-49ED-4E4E-89FC-4C89258B8B44}
		{B646DD6C-56F6-4ADC-8ABF-98E927436004} = {6CA11516-B673-4B81-ACFC-A57B2228ADE9}
		{A6305CC7-ED86-40DD-A4D2-47D055EFE4B6} = {1B4E0045-CD55-4411-BF66-8AD5F5CAA785}
		{1B4E0045-CD55-4411-BF66-8AD5F5CAA785} = {59BFFBB6-0AB3-47B9-85AE-590F030B82C8}
		{453C5714-7478-497D-812A-BDF371088E4B} = {59BFFBB6-0AB3-47B9-85AE-590F030B82C8}
		{2E60C62A-59B2-4E0C-8AF5-46664E47B65E} = {453C5714-7478-497D-812A-BDF371088E4B}
	EndGlobalSection
	GlobalSection(ExtensibilityGlobals) = postSolution
		SolutionGuid = {D123026B-B39D-4596-8B60-4C3BC1C408A2}
	EndGlobalSection
EndGlobal
